
Microsoft Visual Studio Solution File, Format Version 12.00
# Visual Studio Version 17
VisualStudioVersion = 17.8.34330.188
MinimumVisualStudioVersion = 10.0.40219.1
Project("{FAE04EC0-301F-11D3-BF4B-00C04F79EFBC}") = "TechSupport.WARE.Warehouse", "..\TechSupport.WARE.Warehouse\TechSupport.WARE.Warehouse.csproj", "{E43A0CE2-2A28-41A4-B3AD-2A84BB8DE016}"
EndProject
Project("{FAE04EC0-301F-11D3-BF4B-00C04F79EFBC}") = "TechSupport.WARE.WarehouseSimulation", "..\TechSupport.WARE.WarehouseSimulation\TechSupport.WARE.WarehouseSimulation.csproj", "{B041D4F0-16BA-4351-B5C6-575A4B6CFC62}"
EndProject
Global
	GlobalSection(SolutionConfigurationPlatforms) = preSolution
		Debug|Any CPU = Debug|Any CPU
		Release|Any CPU = Release|Any CPU
	EndGlobalSection
	GlobalSection(ProjectConfigurationPlatforms) = postSolution
		{E43A0CE2-2A28-41A4-B3AD-2A84BB8DE016}.Debug|Any CPU.ActiveCfg = Debug|Any CPU
		{E43A0CE2-2A28-41A4-B3AD-2A84BB8DE016}.Debug|Any CPU.Build.0 = Debug|Any CPU
		{E43A0CE2-2A28-41A4-B3AD-2A84BB8DE016}.Release|Any CPU.ActiveCfg = Release|Any CPU
		{E43A0CE2-2A28-41A4-B3AD-2A84BB8DE016}.Release|Any CPU.Build.0 = Release|Any CPU
		{B041D4F0-16BA-4351-B5C6-575A4B6CFC62}.Debug|Any CPU.ActiveCfg = Debug|Any CPU
		{B041D4F0-16BA-4351-B5C6-575A4B6CFC62}.Debug|Any CPU.Build.0 = Debug|Any CPU
		{B041D4F0-16BA-4351-B5C6-575A4B6CFC62}.Release|Any CPU.ActiveCfg = Release|Any CPU
		{B041D4F0-16BA-4351-B5C6-575A4B6CFC62}.Release|Any CPU.Build.0 = Release|Any CPU
	EndGlobalSection
	GlobalSection(SolutionProperties) = preSolution
		HideSolutionNode = FALSE
	EndGlobalSection
	GlobalSection(ExtensibilityGlobals) = postSolution
		SolutionGuid = {6F538DF3-0401-4123-BE90-BC4FA4DDEFED}
	EndGlobalSection
EndGlobal
