
Microsoft Visual Studio Solution File, Format Version 12.00
# Visual Studio Version 17
VisualStudioVersion = 17.8.34525.116
MinimumVisualStudioVersion = 10.0.40219.1
Project("{FAE04EC0-301F-11D3-BF4B-00C04F79EFBC}") = "TechSupport.WARE.GUI", "TechSupport.WARE.GUI\TechSupport.WARE.GUI.csproj", "{69FFF872-5588-4769-A751-DA2BE640C7D6}"
EndProject
Global
	GlobalSection(SolutionConfigurationPlatforms) = preSolution
		Debug|Any CPU = Debug|Any CPU
		Release|Any CPU = Release|Any CPU
	EndGlobalSection
	GlobalSection(ProjectConfigurationPlatforms) = postSolution
		{69FFF872-5588-4769-A751-DA2BE640C7D6}.Debug|Any CPU.ActiveCfg = Debug|Any CPU
		{69FFF872-5588-4769-A751-DA2BE640C7D6}.Debug|Any CPU.Build.0 = Debug|Any CPU
		{69FFF872-5588-4769-A751-DA2BE640C7D6}.Release|Any CPU.ActiveCfg = Release|Any CPU
		{69FFF872-5588-4769-A751-DA2BE640C7D6}.Release|Any CPU.Build.0 = Release|Any CPU
	EndGlobalSection
	GlobalSection(SolutionProperties) = preSolution
		HideSolutionNode = FALSE
	EndGlobalSection
	GlobalSection(ExtensibilityGlobals) = postSolution
		SolutionGuid = {83F2E93B-1ACD-4EE1-8195-81853F59C565}
	EndGlobalSection
EndGlobal
